// !$*UTF8*$!
{
	archiveVersion = 1;
	classes = {
	};
	objectVersion = 46;
	objects = {

/* Begin PBXBuildFile section */
		178CB1811B9660BA0010B097 /* ChannelPlayerViewModel.m in Sources */ = {isa = PBXBuildFile; fileRef = 178CB1801B9660BA0010B097 /* ChannelPlayerViewModel.m */; settings = {ASSET_TAGS = (); }; };
		17AC67F41B8FDE9E00AAE2BF /* main.m in Sources */ = {isa = PBXBuildFile; fileRef = 17AC67F31B8FDE9E00AAE2BF /* main.m */; };
		17AC67F71B8FDE9E00AAE2BF /* ChannelsAppDelegate.m in Sources */ = {isa = PBXBuildFile; fileRef = 17AC67F61B8FDE9E00AAE2BF /* ChannelsAppDelegate.m */; };
		17AC67FF1B8FDE9E00AAE2BF /* Images.xcassets in Resources */ = {isa = PBXBuildFile; fileRef = 17AC67FE1B8FDE9E00AAE2BF /* Images.xcassets */; };
		17AC680E1B8FDE9E00AAE2BF /* ChannelsTests.m in Sources */ = {isa = PBXBuildFile; fileRef = 17AC680D1B8FDE9E00AAE2BF /* ChannelsTests.m */; };
		17D4CA6F1B90FA7200070321 /* PostModel.m in Sources */ = {isa = PBXBuildFile; fileRef = 17D4CA6E1B90FA7200070321 /* PostModel.m */; };
		17D4CA721B90FA8200070321 /* ChannelModel.m in Sources */ = {isa = PBXBuildFile; fileRef = 17D4CA711B90FA8200070321 /* ChannelModel.m */; };
		17D4CA751B910B2200070321 /* ChannelViewController.m in Sources */ = {isa = PBXBuildFile; fileRef = 17D4CA741B910B2200070321 /* ChannelViewController.m */; };
		17D4CA781B910B3F00070321 /* PostingViewController.m in Sources */ = {isa = PBXBuildFile; fileRef = 17D4CA771B910B3F00070321 /* PostingViewController.m */; };
		17D4CA7F1B910BE600070321 /* BaseViewController.m in Sources */ = {isa = PBXBuildFile; fileRef = 17D4CA7E1B910BE600070321 /* BaseViewController.m */; };
		17D4CA821B910C1900070321 /* ListChannelsViewController.m in Sources */ = {isa = PBXBuildFile; fileRef = 17D4CA811B910C1900070321 /* ListChannelsViewController.m */; };
		17DB0DAB1B9520AF00B4510C /* POLYFoundation.framework in Frameworks */ = {isa = PBXBuildFile; fileRef = 17DB0DAA1B9520AF00B4510C /* POLYFoundation.framework */; settings = {ATTRIBUTES = (Weak, ); }; };
		371BF0A01B962C3C004D54D1 /* ChannelsNavigationBar.m in Sources */ = {isa = PBXBuildFile; fileRef = 371BF09F1B962C3C004D54D1 /* ChannelsNavigationBar.m */; settings = {ASSET_TAGS = (); }; };
		37A826131B96137A00707AC9 /* ChannelsAnimator.m in Sources */ = {isa = PBXBuildFile; fileRef = 37A826121B96137A00707AC9 /* ChannelsAnimator.m */; settings = {ASSET_TAGS = (); }; };
		37A826161B961C8500707AC9 /* ChannelsTitleSelectionViewController.m in Sources */ = {isa = PBXBuildFile; fileRef = 37A826151B961C8500707AC9 /* ChannelsTitleSelectionViewController.m */; settings = {ASSET_TAGS = (); }; };
		37A8261C1B96218100707AC9 /* ChannelsInterface.m in Sources */ = {isa = PBXBuildFile; fileRef = 37A8261B1B96218100707AC9 /* ChannelsInterface.m */; settings = {ASSET_TAGS = (); }; };
		37A826271B96227F00707AC9 /* Geomanist-Bold.otf in Resources */ = {isa = PBXBuildFile; fileRef = 37A8261E1B96227F00707AC9 /* Geomanist-Bold.otf */; settings = {ASSET_TAGS = (); }; };
		37A826291B96227F00707AC9 /* Geomanist-ExtraLight.otf in Resources */ = {isa = PBXBuildFile; fileRef = 37A826201B96227F00707AC9 /* Geomanist-ExtraLight.otf */; settings = {ASSET_TAGS = (); }; };
		37A8262A1B96227F00707AC9 /* Geomanist-Light.otf in Resources */ = {isa = PBXBuildFile; fileRef = 37A826211B96227F00707AC9 /* Geomanist-Light.otf */; settings = {ASSET_TAGS = (); }; };
		37A8262B1B96227F00707AC9 /* Geomanist-Medium.otf in Resources */ = {isa = PBXBuildFile; fileRef = 37A826221B96227F00707AC9 /* Geomanist-Medium.otf */; settings = {ASSET_TAGS = (); }; };
		37A8262C1B96227F00707AC9 /* Geomanist-Regular.otf in Resources */ = {isa = PBXBuildFile; fileRef = 37A826231B96227F00707AC9 /* Geomanist-Regular.otf */; settings = {ASSET_TAGS = (); }; };
		37A8262D1B96227F00707AC9 /* Geomanist-Thin.otf in Resources */ = {isa = PBXBuildFile; fileRef = 37A826241B96227F00707AC9 /* Geomanist-Thin.otf */; settings = {ASSET_TAGS = (); }; };
		92F8751DF12C40C179CE6EC5 /* Pods_ChannelsTests.framework in Frameworks */ = {isa = PBXBuildFile; fileRef = 778F743ED2A32A3ED09C8016 /* Pods_ChannelsTests.framework */; settings = {ATTRIBUTES = (Weak, ); }; };
		94ADAA601B94E38B004EABD7 /* UserModel.m in Sources */ = {isa = PBXBuildFile; fileRef = 94ADAA5F1B94E38B004EABD7 /* UserModel.m */; };
		A02FBCF208B27B15C5A4368E /* Pods_Channels.framework in Frameworks */ = {isa = PBXBuildFile; fileRef = C1D3FC6A0C52C1A1F7F21D24 /* Pods_Channels.framework */; settings = {ATTRIBUTES = (Weak, ); }; };
/* End PBXBuildFile section */

/* Begin PBXContainerItemProxy section */
		17AC68081B8FDE9E00AAE2BF /* PBXContainerItemProxy */ = {
			isa = PBXContainerItemProxy;
			containerPortal = 17AC67E61B8FDE9E00AAE2BF /* Project object */;
			proxyType = 1;
			remoteGlobalIDString = 17AC67ED1B8FDE9E00AAE2BF;
			remoteInfo = Channels;
		};
/* End PBXContainerItemProxy section */

/* Begin PBXFileReference section */
		178CB17F1B9660BA0010B097 /* ChannelPlayerViewModel.h */ = {isa = PBXFileReference; fileEncoding = 4; lastKnownFileType = sourcecode.c.h; path = ChannelPlayerViewModel.h; sourceTree = "<group>"; };
		178CB1801B9660BA0010B097 /* ChannelPlayerViewModel.m */ = {isa = PBXFileReference; fileEncoding = 4; lastKnownFileType = sourcecode.c.objc; path = ChannelPlayerViewModel.m; sourceTree = "<group>"; };
		17A387781B8FE92A00702E85 /* Channels-Prefix.pch */ = {isa = PBXFileReference; fileEncoding = 4; lastKnownFileType = sourcecode.c.h; path = "Channels-Prefix.pch"; sourceTree = "<group>"; };
		17AC67EE1B8FDE9E00AAE2BF /* Channels.app */ = {isa = PBXFileReference; explicitFileType = wrapper.application; includeInIndex = 0; path = Channels.app; sourceTree = BUILT_PRODUCTS_DIR; };
		17AC67F21B8FDE9E00AAE2BF /* Info.plist */ = {isa = PBXFileReference; lastKnownFileType = text.plist.xml; path = Info.plist; sourceTree = "<group>"; };
		17AC67F31B8FDE9E00AAE2BF /* main.m */ = {isa = PBXFileReference; lastKnownFileType = sourcecode.c.objc; path = main.m; sourceTree = "<group>"; };
		17AC67F51B8FDE9E00AAE2BF /* ChannelsAppDelegate.h */ = {isa = PBXFileReference; lastKnownFileType = sourcecode.c.h; path = ChannelsAppDelegate.h; sourceTree = "<group>"; };
		17AC67F61B8FDE9E00AAE2BF /* ChannelsAppDelegate.m */ = {isa = PBXFileReference; lastKnownFileType = sourcecode.c.objc; path = ChannelsAppDelegate.m; sourceTree = "<group>"; };
		17AC67FE1B8FDE9E00AAE2BF /* Images.xcassets */ = {isa = PBXFileReference; lastKnownFileType = folder.assetcatalog; path = Images.xcassets; sourceTree = "<group>"; };
		17AC68071B8FDE9E00AAE2BF /* ChannelsTests.xctest */ = {isa = PBXFileReference; explicitFileType = wrapper.cfbundle; includeInIndex = 0; path = ChannelsTests.xctest; sourceTree = BUILT_PRODUCTS_DIR; };
		17AC680C1B8FDE9E00AAE2BF /* Info.plist */ = {isa = PBXFileReference; lastKnownFileType = text.plist.xml; path = Info.plist; sourceTree = "<group>"; };
		17AC680D1B8FDE9E00AAE2BF /* ChannelsTests.m */ = {isa = PBXFileReference; lastKnownFileType = sourcecode.c.objc; path = ChannelsTests.m; sourceTree = "<group>"; };
		17D4CA6D1B90FA7200070321 /* PostModel.h */ = {isa = PBXFileReference; fileEncoding = 4; lastKnownFileType = sourcecode.c.h; path = PostModel.h; sourceTree = "<group>"; };
		17D4CA6E1B90FA7200070321 /* PostModel.m */ = {isa = PBXFileReference; fileEncoding = 4; lastKnownFileType = sourcecode.c.objc; path = PostModel.m; sourceTree = "<group>"; };
		17D4CA701B90FA8200070321 /* ChannelModel.h */ = {isa = PBXFileReference; fileEncoding = 4; lastKnownFileType = sourcecode.c.h; path = ChannelModel.h; sourceTree = "<group>"; };
		17D4CA711B90FA8200070321 /* ChannelModel.m */ = {isa = PBXFileReference; fileEncoding = 4; lastKnownFileType = sourcecode.c.objc; path = ChannelModel.m; sourceTree = "<group>"; };
		17D4CA731B910B2200070321 /* ChannelViewController.h */ = {isa = PBXFileReference; fileEncoding = 4; lastKnownFileType = sourcecode.c.h; path = ChannelViewController.h; sourceTree = "<group>"; };
		17D4CA741B910B2200070321 /* ChannelViewController.m */ = {isa = PBXFileReference; fileEncoding = 4; lastKnownFileType = sourcecode.c.objc; path = ChannelViewController.m; sourceTree = "<group>"; };
		17D4CA761B910B3F00070321 /* PostingViewController.h */ = {isa = PBXFileReference; fileEncoding = 4; lastKnownFileType = sourcecode.c.h; path = PostingViewController.h; sourceTree = "<group>"; };
		17D4CA771B910B3F00070321 /* PostingViewController.m */ = {isa = PBXFileReference; fileEncoding = 4; lastKnownFileType = sourcecode.c.objc; path = PostingViewController.m; sourceTree = "<group>"; };
		17D4CA7D1B910BE600070321 /* BaseViewController.h */ = {isa = PBXFileReference; fileEncoding = 4; lastKnownFileType = sourcecode.c.h; path = BaseViewController.h; sourceTree = "<group>"; };
		17D4CA7E1B910BE600070321 /* BaseViewController.m */ = {isa = PBXFileReference; fileEncoding = 4; lastKnownFileType = sourcecode.c.objc; path = BaseViewController.m; sourceTree = "<group>"; };
		17D4CA801B910C1900070321 /* ListChannelsViewController.h */ = {isa = PBXFileReference; fileEncoding = 4; lastKnownFileType = sourcecode.c.h; path = ListChannelsViewController.h; sourceTree = "<group>"; };
		17D4CA811B910C1900070321 /* ListChannelsViewController.m */ = {isa = PBXFileReference; fileEncoding = 4; lastKnownFileType = sourcecode.c.objc; path = ListChannelsViewController.m; sourceTree = "<group>"; };
		17DB0DAA1B9520AF00B4510C /* POLYFoundation.framework */ = {isa = PBXFileReference; lastKnownFileType = wrapper.framework; name = POLYFoundation.framework; path = "../../Library/Developer/Xcode/DerivedData/Channels-gtqfdtofjptjyddzlcsmzkppvsqf/Build/Products/Debug-iphoneos/POLYFoundation.framework"; sourceTree = "<group>"; };
		371BF09E1B962C3C004D54D1 /* ChannelsNavigationBar.h */ = {isa = PBXFileReference; fileEncoding = 4; lastKnownFileType = sourcecode.c.h; path = ChannelsNavigationBar.h; sourceTree = "<group>"; };
		371BF09F1B962C3C004D54D1 /* ChannelsNavigationBar.m */ = {isa = PBXFileReference; fileEncoding = 4; lastKnownFileType = sourcecode.c.objc; path = ChannelsNavigationBar.m; sourceTree = "<group>"; };
		37A826111B96137A00707AC9 /* ChannelsAnimator.h */ = {isa = PBXFileReference; fileEncoding = 4; lastKnownFileType = sourcecode.c.h; path = ChannelsAnimator.h; sourceTree = "<group>"; };
		37A826121B96137A00707AC9 /* ChannelsAnimator.m */ = {isa = PBXFileReference; fileEncoding = 4; lastKnownFileType = sourcecode.c.objc; path = ChannelsAnimator.m; sourceTree = "<group>"; };
		37A826141B961C8500707AC9 /* ChannelsTitleSelectionViewController.h */ = {isa = PBXFileReference; fileEncoding = 4; lastKnownFileType = sourcecode.c.h; path = ChannelsTitleSelectionViewController.h; sourceTree = "<group>"; };
		37A826151B961C8500707AC9 /* ChannelsTitleSelectionViewController.m */ = {isa = PBXFileReference; fileEncoding = 4; lastKnownFileType = sourcecode.c.objc; path = ChannelsTitleSelectionViewController.m; sourceTree = "<group>"; };
		37A8261A1B96218100707AC9 /* ChannelsInterface.h */ = {isa = PBXFileReference; fileEncoding = 4; lastKnownFileType = sourcecode.c.h; path = ChannelsInterface.h; sourceTree = "<group>"; };
		37A8261B1B96218100707AC9 /* ChannelsInterface.m */ = {isa = PBXFileReference; fileEncoding = 4; lastKnownFileType = sourcecode.c.objc; path = ChannelsInterface.m; sourceTree = "<group>"; };
		37A8261E1B96227F00707AC9 /* Geomanist-Bold.otf */ = {isa = PBXFileReference; lastKnownFileType = file; path = "Geomanist-Bold.otf"; sourceTree = "<group>"; };
		37A826201B96227F00707AC9 /* Geomanist-ExtraLight.otf */ = {isa = PBXFileReference; lastKnownFileType = file; path = "Geomanist-ExtraLight.otf"; sourceTree = "<group>"; };
		37A826211B96227F00707AC9 /* Geomanist-Light.otf */ = {isa = PBXFileReference; lastKnownFileType = file; path = "Geomanist-Light.otf"; sourceTree = "<group>"; };
		37A826221B96227F00707AC9 /* Geomanist-Medium.otf */ = {isa = PBXFileReference; lastKnownFileType = file; path = "Geomanist-Medium.otf"; sourceTree = "<group>"; };
		37A826231B96227F00707AC9 /* Geomanist-Regular.otf */ = {isa = PBXFileReference; lastKnownFileType = file; path = "Geomanist-Regular.otf"; sourceTree = "<group>"; };
		37A826241B96227F00707AC9 /* Geomanist-Thin.otf */ = {isa = PBXFileReference; lastKnownFileType = file; path = "Geomanist-Thin.otf"; sourceTree = "<group>"; };
		4EEAFA6384F410BFB8D50D6E /* Pods-ChannelsTests.release.xcconfig */ = {isa = PBXFileReference; includeInIndex = 1; lastKnownFileType = text.xcconfig; name = "Pods-ChannelsTests.release.xcconfig"; path = "../Pods/Target Support Files/Pods-ChannelsTests/Pods-ChannelsTests.release.xcconfig"; sourceTree = "<group>"; };
		778F743ED2A32A3ED09C8016 /* Pods_ChannelsTests.framework */ = {isa = PBXFileReference; explicitFileType = wrapper.framework; includeInIndex = 0; path = Pods_ChannelsTests.framework; sourceTree = BUILT_PRODUCTS_DIR; };
		79D2A893B3A6CA08204C0F03 /* Pods-Channels.release.xcconfig */ = {isa = PBXFileReference; includeInIndex = 1; lastKnownFileType = text.xcconfig; name = "Pods-Channels.release.xcconfig"; path = "../Pods/Target Support Files/Pods-Channels/Pods-Channels.release.xcconfig"; sourceTree = "<group>"; };
		8D60F9D7FE4AD79B6B1A0A16 /* Pods.release.xcconfig */ = {isa = PBXFileReference; includeInIndex = 1; lastKnownFileType = text.xcconfig; name = Pods.release.xcconfig; path = "../Pods/Target Support Files/Pods/Pods.release.xcconfig"; sourceTree = "<group>"; };
		94ADAA5E1B94E38B004EABD7 /* UserModel.h */ = {isa = PBXFileReference; fileEncoding = 4; lastKnownFileType = sourcecode.c.h; path = UserModel.h; sourceTree = "<group>"; };
		94ADAA5F1B94E38B004EABD7 /* UserModel.m */ = {isa = PBXFileReference; fileEncoding = 4; lastKnownFileType = sourcecode.c.objc; path = UserModel.m; sourceTree = "<group>"; };
		96A840B90001DBB7E2FA78B9 /* Pods-Channels.debug.xcconfig */ = {isa = PBXFileReference; includeInIndex = 1; lastKnownFileType = text.xcconfig; name = "Pods-Channels.debug.xcconfig"; path = "../Pods/Target Support Files/Pods-Channels/Pods-Channels.debug.xcconfig"; sourceTree = "<group>"; };
		B12A9B8AFFEF85E509638F29 /* Pods.debug.xcconfig */ = {isa = PBXFileReference; includeInIndex = 1; lastKnownFileType = text.xcconfig; name = Pods.debug.xcconfig; path = "../Pods/Target Support Files/Pods/Pods.debug.xcconfig"; sourceTree = "<group>"; };
		C1D3FC6A0C52C1A1F7F21D24 /* Pods_Channels.framework */ = {isa = PBXFileReference; explicitFileType = wrapper.framework; includeInIndex = 0; path = Pods_Channels.framework; sourceTree = BUILT_PRODUCTS_DIR; };
		E11531D5AFF4817BD81B7302 /* Pods-ChannelsTests.debug.xcconfig */ = {isa = PBXFileReference; includeInIndex = 1; lastKnownFileType = text.xcconfig; name = "Pods-ChannelsTests.debug.xcconfig"; path = "../Pods/Target Support Files/Pods-ChannelsTests/Pods-ChannelsTests.debug.xcconfig"; sourceTree = "<group>"; };
/* End PBXFileReference section */

/* Begin PBXFrameworksBuildPhase section */
		17AC67EB1B8FDE9E00AAE2BF /* Frameworks */ = {
			isa = PBXFrameworksBuildPhase;
			buildActionMask = 2147483647;
			files = (
				A02FBCF208B27B15C5A4368E /* Pods_Channels.framework in Frameworks */,
				17DB0DAB1B9520AF00B4510C /* POLYFoundation.framework in Frameworks */,
			);
			runOnlyForDeploymentPostprocessing = 0;
		};
		17AC68041B8FDE9E00AAE2BF /* Frameworks */ = {
			isa = PBXFrameworksBuildPhase;
			buildActionMask = 2147483647;
			files = (
				92F8751DF12C40C179CE6EC5 /* Pods_ChannelsTests.framework in Frameworks */,
			);
			runOnlyForDeploymentPostprocessing = 0;
		};
/* End PBXFrameworksBuildPhase section */

/* Begin PBXGroup section */
		17A387791B8FE9AF00702E85 /* Controllers */ = {
			isa = PBXGroup;
			children = (
				17D4CA7D1B910BE600070321 /* BaseViewController.h */,
				17D4CA7E1B910BE600070321 /* BaseViewController.m */,
				17D4CA731B910B2200070321 /* ChannelViewController.h */,
				17D4CA741B910B2200070321 /* ChannelViewController.m */,
				37A826141B961C8500707AC9 /* ChannelsTitleSelectionViewController.h */,
				37A826151B961C8500707AC9 /* ChannelsTitleSelectionViewController.m */,
				17D4CA761B910B3F00070321 /* PostingViewController.h */,
				17D4CA771B910B3F00070321 /* PostingViewController.m */,
				17D4CA801B910C1900070321 /* ListChannelsViewController.h */,
				17D4CA811B910C1900070321 /* ListChannelsViewController.m */,
			);
			name = Controllers;
			sourceTree = "<group>";
		};
		17A3877A1B8FEA5600702E85 /* Models */ = {
			isa = PBXGroup;
			children = (
				17D4CA6D1B90FA7200070321 /* PostModel.h */,
				17D4CA6E1B90FA7200070321 /* PostModel.m */,
				17D4CA701B90FA8200070321 /* ChannelModel.h */,
				17D4CA711B90FA8200070321 /* ChannelModel.m */,
				94ADAA5E1B94E38B004EABD7 /* UserModel.h */,
				94ADAA5F1B94E38B004EABD7 /* UserModel.m */,
			);
			name = Models;
			sourceTree = "<group>";
		};
		17A3877B1B8FEA6700702E85 /* Views */ = {
			isa = PBXGroup;
			children = (
			);
			name = Views;
			sourceTree = "<group>";
		};
		17A3877C1B8FEA9F00702E85 /* ViewModels */ = {
			isa = PBXGroup;
			children = (
				178CB17F1B9660BA0010B097 /* ChannelPlayerViewModel.h */,
				178CB1801B9660BA0010B097 /* ChannelPlayerViewModel.m */,
			);
			name = ViewModels;
			sourceTree = "<group>";
		};
		17AC67E51B8FDE9E00AAE2BF = {
			isa = PBXGroup;
			children = (
				17AC67F01B8FDE9E00AAE2BF /* Channels */,
				17AC680A1B8FDE9E00AAE2BF /* ChannelsTests */,
				17AC67EF1B8FDE9E00AAE2BF /* Products */,
				97C6C37E8C94702B0BCB8744 /* Pods */,
				2BD97E7D89FF9E5A050AE206 /* Frameworks */,
			);
			sourceTree = "<group>";
		};
		17AC67EF1B8FDE9E00AAE2BF /* Products */ = {
			isa = PBXGroup;
			children = (
				17AC67EE1B8FDE9E00AAE2BF /* Channels.app */,
				17AC68071B8FDE9E00AAE2BF /* ChannelsTests.xctest */,
			);
			name = Products;
			sourceTree = "<group>";
		};
		17AC67F01B8FDE9E00AAE2BF /* Channels */ = {
			isa = PBXGroup;
			children = (
				17AC67F51B8FDE9E00AAE2BF /* ChannelsAppDelegate.h */,
				17AC67F61B8FDE9E00AAE2BF /* ChannelsAppDelegate.m */,
				37A8261A1B96218100707AC9 /* ChannelsInterface.h */,
				37A8261B1B96218100707AC9 /* ChannelsInterface.m */,
				37A826111B96137A00707AC9 /* ChannelsAnimator.h */,
				37A826121B96137A00707AC9 /* ChannelsAnimator.m */,
				371BF09E1B962C3C004D54D1 /* ChannelsNavigationBar.h */,
				371BF09F1B962C3C004D54D1 /* ChannelsNavigationBar.m */,
				17A3877C1B8FEA9F00702E85 /* ViewModels */,
				17A3877A1B8FEA5600702E85 /* Models */,
				17A3877B1B8FEA6700702E85 /* Views */,
				17A387791B8FE9AF00702E85 /* Controllers */,
				17AC67FE1B8FDE9E00AAE2BF /* Images.xcassets */,
				17AC67F11B8FDE9E00AAE2BF /* Supporting Files */,
			);
			path = Channels;
			sourceTree = "<group>";
		};
		17AC67F11B8FDE9E00AAE2BF /* Supporting Files */ = {
			isa = PBXGroup;
			children = (
				37A826301B96229300707AC9 /* Fonts */,
				17A387781B8FE92A00702E85 /* Channels-Prefix.pch */,
				17AC67F21B8FDE9E00AAE2BF /* Info.plist */,
				17AC67F31B8FDE9E00AAE2BF /* main.m */,
			);
			name = "Supporting Files";
			sourceTree = "<group>";
		};
		17AC680A1B8FDE9E00AAE2BF /* ChannelsTests */ = {
			isa = PBXGroup;
			children = (
				17AC680D1B8FDE9E00AAE2BF /* ChannelsTests.m */,
				17AC680B1B8FDE9E00AAE2BF /* Supporting Files */,
			);
			path = ChannelsTests;
			sourceTree = "<group>";
		};
		17AC680B1B8FDE9E00AAE2BF /* Supporting Files */ = {
			isa = PBXGroup;
			children = (
				17AC680C1B8FDE9E00AAE2BF /* Info.plist */,
			);
			name = "Supporting Files";
			sourceTree = "<group>";
		};
		2BD97E7D89FF9E5A050AE206 /* Frameworks */ = {
			isa = PBXGroup;
			children = (
				17DB0DAA1B9520AF00B4510C /* POLYFoundation.framework */,
				778F743ED2A32A3ED09C8016 /* Pods_ChannelsTests.framework */,
				C1D3FC6A0C52C1A1F7F21D24 /* Pods_Channels.framework */,
			);
			name = Frameworks;
			sourceTree = "<group>";
		};
		37A826301B96229300707AC9 /* Fonts */ = {
			isa = PBXGroup;
			children = (
				37A8261E1B96227F00707AC9 /* Geomanist-Bold.otf */,
				37A826201B96227F00707AC9 /* Geomanist-ExtraLight.otf */,
				37A826211B96227F00707AC9 /* Geomanist-Light.otf */,
				37A826221B96227F00707AC9 /* Geomanist-Medium.otf */,
				37A826231B96227F00707AC9 /* Geomanist-Regular.otf */,
				37A826241B96227F00707AC9 /* Geomanist-Thin.otf */,
			);
			name = Fonts;
			sourceTree = "<group>";
		};
		97C6C37E8C94702B0BCB8744 /* Pods */ = {
			isa = PBXGroup;
			children = (
				B12A9B8AFFEF85E509638F29 /* Pods.debug.xcconfig */,
				8D60F9D7FE4AD79B6B1A0A16 /* Pods.release.xcconfig */,
				E11531D5AFF4817BD81B7302 /* Pods-ChannelsTests.debug.xcconfig */,
				4EEAFA6384F410BFB8D50D6E /* Pods-ChannelsTests.release.xcconfig */,
				96A840B90001DBB7E2FA78B9 /* Pods-Channels.debug.xcconfig */,
				79D2A893B3A6CA08204C0F03 /* Pods-Channels.release.xcconfig */,
			);
			name = Pods;
			sourceTree = "<group>";
		};
/* End PBXGroup section */

/* Begin PBXNativeTarget section */
		17AC67ED1B8FDE9E00AAE2BF /* Channels */ = {
			isa = PBXNativeTarget;
			buildConfigurationList = 17AC68111B8FDE9E00AAE2BF /* Build configuration list for PBXNativeTarget "Channels" */;
			buildPhases = (
				3235D33D7C404068C1D66E60 /* Check Pods Manifest.lock */,
				17AC67EA1B8FDE9E00AAE2BF /* Sources */,
				17AC67EB1B8FDE9E00AAE2BF /* Frameworks */,
				17AC67EC1B8FDE9E00AAE2BF /* Resources */,
				4661C7BFC6C8BB7F1C161219 /* Embed Pods Frameworks */,
				71DE539210BB95D4C3C9E852 /* Copy Pods Resources */,
			);
			buildRules = (
			);
			dependencies = (
			);
			name = Channels;
			productName = Channels;
			productReference = 17AC67EE1B8FDE9E00AAE2BF /* Channels.app */;
			productType = "com.apple.product-type.application";
		};
		17AC68061B8FDE9E00AAE2BF /* ChannelsTests */ = {
			isa = PBXNativeTarget;
			buildConfigurationList = 17AC68141B8FDE9E00AAE2BF /* Build configuration list for PBXNativeTarget "ChannelsTests" */;
			buildPhases = (
				9B60DC9CF5E4E41C6F2772AF /* Check Pods Manifest.lock */,
				17AC68031B8FDE9E00AAE2BF /* Sources */,
				17AC68041B8FDE9E00AAE2BF /* Frameworks */,
				17AC68051B8FDE9E00AAE2BF /* Resources */,
				2978A7D4EF75A3BDE0F40E91 /* Embed Pods Frameworks */,
				BA302EC9EE207DAA9DAA0F70 /* Copy Pods Resources */,
			);
			buildRules = (
			);
			dependencies = (
				17AC68091B8FDE9E00AAE2BF /* PBXTargetDependency */,
			);
			name = ChannelsTests;
			productName = ChannelsTests;
			productReference = 17AC68071B8FDE9E00AAE2BF /* ChannelsTests.xctest */;
			productType = "com.apple.product-type.bundle.unit-test";
		};
/* End PBXNativeTarget section */

/* Begin PBXProject section */
		17AC67E61B8FDE9E00AAE2BF /* Project object */ = {
			isa = PBXProject;
			attributes = {
				LastUpgradeCheck = 0700;
				ORGANIZATIONNAME = "Complex Polygon";
				TargetAttributes = {
					17AC67ED1B8FDE9E00AAE2BF = {
						CreatedOnToolsVersion = 6.4;
						DevelopmentTeam = 6W6XW54FH2;
					};
					17AC68061B8FDE9E00AAE2BF = {
						CreatedOnToolsVersion = 6.4;
						TestTargetID = 17AC67ED1B8FDE9E00AAE2BF;
					};
				};
			};
			buildConfigurationList = 17AC67E91B8FDE9E00AAE2BF /* Build configuration list for PBXProject "Channels" */;
			compatibilityVersion = "Xcode 3.2";
			developmentRegion = English;
			hasScannedForEncodings = 0;
			knownRegions = (
				en,
				Base,
			);
			mainGroup = 17AC67E51B8FDE9E00AAE2BF;
			productRefGroup = 17AC67EF1B8FDE9E00AAE2BF /* Products */;
			projectDirPath = "";
			projectRoot = "";
			targets = (
				17AC67ED1B8FDE9E00AAE2BF /* Channels */,
				17AC68061B8FDE9E00AAE2BF /* ChannelsTests */,
			);
		};
/* End PBXProject section */

/* Begin PBXResourcesBuildPhase section */
		17AC67EC1B8FDE9E00AAE2BF /* Resources */ = {
			isa = PBXResourcesBuildPhase;
			buildActionMask = 2147483647;
			files = (
				37A826271B96227F00707AC9 /* Geomanist-Bold.otf in Resources */,
				37A8262C1B96227F00707AC9 /* Geomanist-Regular.otf in Resources */,
				37A8262A1B96227F00707AC9 /* Geomanist-Light.otf in Resources */,
				37A8262B1B96227F00707AC9 /* Geomanist-Medium.otf in Resources */,
				17AC67FF1B8FDE9E00AAE2BF /* Images.xcassets in Resources */,
				37A8262D1B96227F00707AC9 /* Geomanist-Thin.otf in Resources */,
				37A826291B96227F00707AC9 /* Geomanist-ExtraLight.otf in Resources */,
			);
			runOnlyForDeploymentPostprocessing = 0;
		};
		17AC68051B8FDE9E00AAE2BF /* Resources */ = {
			isa = PBXResourcesBuildPhase;
			buildActionMask = 2147483647;
			files = (
			);
			runOnlyForDeploymentPostprocessing = 0;
		};
/* End PBXResourcesBuildPhase section */

/* Begin PBXShellScriptBuildPhase section */
		2978A7D4EF75A3BDE0F40E91 /* Embed Pods Frameworks */ = {
			isa = PBXShellScriptBuildPhase;
			buildActionMask = 2147483647;
			files = (
			);
			inputPaths = (
			);
			name = "Embed Pods Frameworks";
			outputPaths = (
			);
			runOnlyForDeploymentPostprocessing = 0;
			shellPath = /bin/sh;
			shellScript = "\"${SRCROOT}/../Pods/Target Support Files/Pods-ChannelsTests/Pods-ChannelsTests-frameworks.sh\"\n";
			showEnvVarsInLog = 0;
		};
		3235D33D7C404068C1D66E60 /* Check Pods Manifest.lock */ = {
			isa = PBXShellScriptBuildPhase;
			buildActionMask = 2147483647;
			files = (
			);
			inputPaths = (
			);
			name = "Check Pods Manifest.lock";
			outputPaths = (
			);
			runOnlyForDeploymentPostprocessing = 0;
			shellPath = /bin/sh;
			shellScript = "diff \"${PODS_ROOT}/../Podfile.lock\" \"${PODS_ROOT}/Manifest.lock\" > /dev/null\nif [[ $? != 0 ]] ; then\n    cat << EOM\nerror: The sandbox is not in sync with the Podfile.lock. Run 'pod install' or update your CocoaPods installation.\nEOM\n    exit 1\nfi\n";
			showEnvVarsInLog = 0;
		};
		4661C7BFC6C8BB7F1C161219 /* Embed Pods Frameworks */ = {
			isa = PBXShellScriptBuildPhase;
			buildActionMask = 2147483647;
			files = (
			);
			inputPaths = (
			);
			name = "Embed Pods Frameworks";
			outputPaths = (
			);
			runOnlyForDeploymentPostprocessing = 0;
			shellPath = /bin/sh;
			shellScript = "\"${SRCROOT}/../Pods/Target Support Files/Pods-Channels/Pods-Channels-frameworks.sh\"\n";
			showEnvVarsInLog = 0;
		};
		71DE539210BB95D4C3C9E852 /* Copy Pods Resources */ = {
			isa = PBXShellScriptBuildPhase;
			buildActionMask = 2147483647;
			files = (
			);
			inputPaths = (
			);
			name = "Copy Pods Resources";
			outputPaths = (
			);
			runOnlyForDeploymentPostprocessing = 0;
			shellPath = /bin/sh;
			shellScript = "\"${SRCROOT}/../Pods/Target Support Files/Pods-Channels/Pods-Channels-resources.sh\"\n";
			showEnvVarsInLog = 0;
		};
		9B60DC9CF5E4E41C6F2772AF /* Check Pods Manifest.lock */ = {
			isa = PBXShellScriptBuildPhase;
			buildActionMask = 2147483647;
			files = (
			);
			inputPaths = (
			);
			name = "Check Pods Manifest.lock";
			outputPaths = (
			);
			runOnlyForDeploymentPostprocessing = 0;
			shellPath = /bin/sh;
			shellScript = "diff \"${PODS_ROOT}/../Podfile.lock\" \"${PODS_ROOT}/Manifest.lock\" > /dev/null\nif [[ $? != 0 ]] ; then\n    cat << EOM\nerror: The sandbox is not in sync with the Podfile.lock. Run 'pod install' or update your CocoaPods installation.\nEOM\n    exit 1\nfi\n";
			showEnvVarsInLog = 0;
		};
		BA302EC9EE207DAA9DAA0F70 /* Copy Pods Resources */ = {
			isa = PBXShellScriptBuildPhase;
			buildActionMask = 2147483647;
			files = (
			);
			inputPaths = (
			);
			name = "Copy Pods Resources";
			outputPaths = (
			);
			runOnlyForDeploymentPostprocessing = 0;
			shellPath = /bin/sh;
			shellScript = "\"${SRCROOT}/../Pods/Target Support Files/Pods-ChannelsTests/Pods-ChannelsTests-resources.sh\"\n";
			showEnvVarsInLog = 0;
		};
/* End PBXShellScriptBuildPhase section */

/* Begin PBXSourcesBuildPhase section */
		17AC67EA1B8FDE9E00AAE2BF /* Sources */ = {
			isa = PBXSourcesBuildPhase;
			buildActionMask = 2147483647;
			files = (
				17D4CA821B910C1900070321 /* ListChannelsViewController.m in Sources */,
				17D4CA781B910B3F00070321 /* PostingViewController.m in Sources */,
				37A826131B96137A00707AC9 /* ChannelsAnimator.m in Sources */,
				17D4CA7F1B910BE600070321 /* BaseViewController.m in Sources */,
				37A826161B961C8500707AC9 /* ChannelsTitleSelectionViewController.m in Sources */,
				371BF0A01B962C3C004D54D1 /* ChannelsNavigationBar.m in Sources */,
				17D4CA751B910B2200070321 /* ChannelViewController.m in Sources */,
				17AC67F71B8FDE9E00AAE2BF /* ChannelsAppDelegate.m in Sources */,
				37A8261C1B96218100707AC9 /* ChannelsInterface.m in Sources */,
				94ADAA601B94E38B004EABD7 /* UserModel.m in Sources */,
				17AC67F41B8FDE9E00AAE2BF /* main.m in Sources */,
				178CB1811B9660BA0010B097 /* ChannelPlayerViewModel.m in Sources */,
				17D4CA6F1B90FA7200070321 /* PostModel.m in Sources */,
				17D4CA721B90FA8200070321 /* ChannelModel.m in Sources */,
			);
			runOnlyForDeploymentPostprocessing = 0;
		};
		17AC68031B8FDE9E00AAE2BF /* Sources */ = {
			isa = PBXSourcesBuildPhase;
			buildActionMask = 2147483647;
			files = (
				17AC680E1B8FDE9E00AAE2BF /* ChannelsTests.m in Sources */,
			);
			runOnlyForDeploymentPostprocessing = 0;
		};
/* End PBXSourcesBuildPhase section */

/* Begin PBXTargetDependency section */
		17AC68091B8FDE9E00AAE2BF /* PBXTargetDependency */ = {
			isa = PBXTargetDependency;
			target = 17AC67ED1B8FDE9E00AAE2BF /* Channels */;
			targetProxy = 17AC68081B8FDE9E00AAE2BF /* PBXContainerItemProxy */;
		};
/* End PBXTargetDependency section */

/* Begin XCBuildConfiguration section */
		17AC680F1B8FDE9E00AAE2BF /* Debug */ = {
			isa = XCBuildConfiguration;
			buildSettings = {
				ALWAYS_SEARCH_USER_PATHS = NO;
				CLANG_CXX_LANGUAGE_STANDARD = "gnu++0x";
				CLANG_CXX_LIBRARY = "libc++";
				CLANG_ENABLE_MODULES = YES;
				CLANG_ENABLE_OBJC_ARC = YES;
				CLANG_WARN_BOOL_CONVERSION = YES;
				CLANG_WARN_CONSTANT_CONVERSION = YES;
				CLANG_WARN_DIRECT_OBJC_ISA_USAGE = YES_ERROR;
				CLANG_WARN_EMPTY_BODY = YES;
				CLANG_WARN_ENUM_CONVERSION = YES;
				CLANG_WARN_INT_CONVERSION = YES;
				CLANG_WARN_OBJC_ROOT_CLASS = YES_ERROR;
				CLANG_WARN_UNREACHABLE_CODE = YES;
				CLANG_WARN__DUPLICATE_METHOD_MATCH = YES;
				"CODE_SIGN_IDENTITY[sdk=iphoneos*]" = "iPhone Developer";
				COPY_PHASE_STRIP = NO;
				DEBUG_INFORMATION_FORMAT = "dwarf-with-dsym";
				ENABLE_BITCODE = NO;
				ENABLE_STRICT_OBJC_MSGSEND = YES;
				ENABLE_TESTABILITY = YES;
				GCC_C_LANGUAGE_STANDARD = gnu99;
				GCC_DYNAMIC_NO_PIC = NO;
				GCC_NO_COMMON_BLOCKS = YES;
				GCC_OPTIMIZATION_LEVEL = 0;
				GCC_PREPROCESSOR_DEFINITIONS = (
					"DEBUG=1",
					"$(inherited)",
				);
				GCC_SYMBOLS_PRIVATE_EXTERN = NO;
				GCC_WARN_64_TO_32_BIT_CONVERSION = YES;
				GCC_WARN_ABOUT_RETURN_TYPE = YES_ERROR;
				GCC_WARN_UNDECLARED_SELECTOR = YES;
				GCC_WARN_UNINITIALIZED_AUTOS = YES_AGGRESSIVE;
				GCC_WARN_UNUSED_FUNCTION = YES;
				GCC_WARN_UNUSED_VARIABLE = YES;
				IPHONEOS_DEPLOYMENT_TARGET = 8.4;
				MTL_ENABLE_DEBUG_INFO = YES;
				ONLY_ACTIVE_ARCH = YES;
				SDKROOT = iphoneos;
			};
			name = Debug;
		};
		17AC68101B8FDE9E00AAE2BF /* Release */ = {
			isa = XCBuildConfiguration;
			buildSettings = {
				ALWAYS_SEARCH_USER_PATHS = NO;
				CLANG_CXX_LANGUAGE_STANDARD = "gnu++0x";
				CLANG_CXX_LIBRARY = "libc++";
				CLANG_ENABLE_MODULES = YES;
				CLANG_ENABLE_OBJC_ARC = YES;
				CLANG_WARN_BOOL_CONVERSION = YES;
				CLANG_WARN_CONSTANT_CONVERSION = YES;
				CLANG_WARN_DIRECT_OBJC_ISA_USAGE = YES_ERROR;
				CLANG_WARN_EMPTY_BODY = YES;
				CLANG_WARN_ENUM_CONVERSION = YES;
				CLANG_WARN_INT_CONVERSION = YES;
				CLANG_WARN_OBJC_ROOT_CLASS = YES_ERROR;
				CLANG_WARN_UNREACHABLE_CODE = YES;
				CLANG_WARN__DUPLICATE_METHOD_MATCH = YES;
				"CODE_SIGN_IDENTITY[sdk=iphoneos*]" = "iPhone Developer";
				COPY_PHASE_STRIP = NO;
				DEBUG_INFORMATION_FORMAT = "dwarf-with-dsym";
				ENABLE_BITCODE = NO;
				ENABLE_NS_ASSERTIONS = NO;
				ENABLE_STRICT_OBJC_MSGSEND = YES;
				GCC_C_LANGUAGE_STANDARD = gnu99;
				GCC_NO_COMMON_BLOCKS = YES;
				GCC_WARN_64_TO_32_BIT_CONVERSION = YES;
				GCC_WARN_ABOUT_RETURN_TYPE = YES_ERROR;
				GCC_WARN_UNDECLARED_SELECTOR = YES;
				GCC_WARN_UNINITIALIZED_AUTOS = YES_AGGRESSIVE;
				GCC_WARN_UNUSED_FUNCTION = YES;
				GCC_WARN_UNUSED_VARIABLE = YES;
				IPHONEOS_DEPLOYMENT_TARGET = 8.4;
				MTL_ENABLE_DEBUG_INFO = NO;
				SDKROOT = iphoneos;
				VALIDATE_PRODUCT = YES;
			};
			name = Release;
		};
		17AC68121B8FDE9E00AAE2BF /* Debug */ = {
			isa = XCBuildConfiguration;
			baseConfigurationReference = 96A840B90001DBB7E2FA78B9 /* Pods-Channels.debug.xcconfig */;
			buildSettings = {
				ASSETCATALOG_COMPILER_APPICON_NAME = AppIcon;
				ASSETCATALOG_COMPILER_LAUNCHIMAGE_NAME = LaunchImage;
				CODE_SIGN_IDENTITY = "iPhone Developer";
				FRAMEWORK_SEARCH_PATHS = (
					"$(inherited)",
					"$(PROJECT_DIR)",
				);
				GCC_PRECOMPILE_PREFIX_HEADER = YES;
				GCC_PREFIX_HEADER = "Channels/Channels-Prefix.pch";
				INFOPLIST_FILE = Channels/Info.plist;
				IPHONEOS_DEPLOYMENT_TARGET = 8.0;
				LD_RUNPATH_SEARCH_PATHS = "$(inherited) @executable_path/Frameworks";
				PRODUCT_BUNDLE_IDENTIFIER = "com.ComplexPolygon.$(PRODUCT_NAME:rfc1034identifier)";
				PRODUCT_NAME = "$(TARGET_NAME)";
			};
			name = Debug;
		};
		17AC68131B8FDE9E00AAE2BF /* Release */ = {
			isa = XCBuildConfiguration;
			baseConfigurationReference = 79D2A893B3A6CA08204C0F03 /* Pods-Channels.release.xcconfig */;
			buildSettings = {
				ASSETCATALOG_COMPILER_APPICON_NAME = AppIcon;
				ASSETCATALOG_COMPILER_LAUNCHIMAGE_NAME = LaunchImage;
				CODE_SIGN_IDENTITY = "iPhone Developer";
				FRAMEWORK_SEARCH_PATHS = (
					"$(inherited)",
					"$(PROJECT_DIR)",
				);
				GCC_PRECOMPILE_PREFIX_HEADER = YES;
				GCC_PREFIX_HEADER = "Channels/Channels-Prefix.pch";
				INFOPLIST_FILE = Channels/Info.plist;
				IPHONEOS_DEPLOYMENT_TARGET = 8.0;
				LD_RUNPATH_SEARCH_PATHS = "$(inherited) @executable_path/Frameworks";
				PRODUCT_BUNDLE_IDENTIFIER = "com.ComplexPolygon.$(PRODUCT_NAME:rfc1034identifier)";
				PRODUCT_NAME = "$(TARGET_NAME)";
			};
			name = Release;
		};
		17AC68151B8FDE9E00AAE2BF /* Debug */ = {
			isa = XCBuildConfiguration;
			baseConfigurationReference = E11531D5AFF4817BD81B7302 /* Pods-ChannelsTests.debug.xcconfig */;
			buildSettings = {
				BUNDLE_LOADER = "$(TEST_HOST)";
				FRAMEWORK_SEARCH_PATHS = "$(inherited)";
				GCC_PREPROCESSOR_DEFINITIONS = (
					"DEBUG=1",
					"$(inherited)",
				);
				INFOPLIST_FILE = ChannelsTests/Info.plist;
				LD_RUNPATH_SEARCH_PATHS = "$(inherited) @executable_path/Frameworks @loader_path/Frameworks";
				PRODUCT_BUNDLE_IDENTIFIER = "com.ComplexPolygon.$(PRODUCT_NAME:rfc1034identifier)";
				PRODUCT_NAME = "$(TARGET_NAME)";
				TEST_HOST = "$(BUILT_PRODUCTS_DIR)/Channels.app/Channels";
			};
			name = Debug;
		};
		17AC68161B8FDE9E00AAE2BF /* Release */ = {
			isa = XCBuildConfiguration;
			baseConfigurationReference = 4EEAFA6384F410BFB8D50D6E /* Pods-ChannelsTests.release.xcconfig */;
			buildSettings = {
				BUNDLE_LOADER = "$(TEST_HOST)";
				FRAMEWORK_SEARCH_PATHS = "$(inherited)";
				INFOPLIST_FILE = ChannelsTests/Info.plist;
				LD_RUNPATH_SEARCH_PATHS = "$(inherited) @executable_path/Frameworks @loader_path/Frameworks";
				PRODUCT_BUNDLE_IDENTIFIER = "com.ComplexPolygon.$(PRODUCT_NAME:rfc1034identifier)";
				PRODUCT_NAME = "$(TARGET_NAME)";
				TEST_HOST = "$(BUILT_PRODUCTS_DIR)/Channels.app/Channels";
			};
			name = Release;
		};
/* End XCBuildConfiguration section */

/* Begin XCConfigurationList section */
		17AC67E91B8FDE9E00AAE2BF /* Build configuration list for PBXProject "Channels" */ = {
			isa = XCConfigurationList;
			buildConfigurations = (
				17AC680F1B8FDE9E00AAE2BF /* Debug */,
				17AC68101B8FDE9E00AAE2BF /* Release */,
			);
			defaultConfigurationIsVisible = 0;
			defaultConfigurationName = Release;
		};
		17AC68111B8FDE9E00AAE2BF /* Build configuration list for PBXNativeTarget "Channels" */ = {
			isa = XCConfigurationList;
			buildConfigurations = (
				17AC68121B8FDE9E00AAE2BF /* Debug */,
				17AC68131B8FDE9E00AAE2BF /* Release */,
			);
			defaultConfigurationIsVisible = 0;
			defaultConfigurationName = Release;
		};
		17AC68141B8FDE9E00AAE2BF /* Build configuration list for PBXNativeTarget "ChannelsTests" */ = {
			isa = XCConfigurationList;
			buildConfigurations = (
				17AC68151B8FDE9E00AAE2BF /* Debug */,
				17AC68161B8FDE9E00AAE2BF /* Release */,
			);
			defaultConfigurationIsVisible = 0;
			defaultConfigurationName = Release;
		};
/* End XCConfigurationList section */
	};
	rootObject = 17AC67E61B8FDE9E00AAE2BF /* Project object */;
}
